
Microsoft Visual Studio Solution File, Format Version 12.00
# Visual Studio Version 17
VisualStudioVersion = 17.5.002.0
MinimumVisualStudioVersion = 10.0.40219.1
Project("{9A19103F-16F7-4668-BE54-9A1E7A4F7556}") = "webApiContDemo", "webApiContDemo.csproj", "{07786B94-4FD4-4D3C-B82B-4545786A469D}"
EndProject
Global
	GlobalSection(SolutionConfigurationPlatforms) = preSolution
		Debug|Any CPU = Debug|Any CPU
		Release|Any CPU = Release|Any CPU
	EndGlobalSection
	GlobalSection(ProjectConfigurationPlatforms) = postSolution
		{07786B94-4FD4-4D3C-B82B-4545786A469D}.Debug|Any CPU.ActiveCfg = Debug|Any CPU
		{07786B94-4FD4-4D3C-B82B-4545786A469D}.Debug|Any CPU.Build.0 = Debug|Any CPU
		{07786B94-4FD4-4D3C-B82B-4545786A469D}.Release|Any CPU.ActiveCfg = Release|Any CPU
		{07786B94-4FD4-4D3C-B82B-4545786A469D}.Release|Any CPU.Build.0 = Release|Any CPU
	EndGlobalSection
	GlobalSection(SolutionProperties) = preSolution
		HideSolutionNode = FALSE
	EndGlobalSection
	GlobalSection(ExtensibilityGlobals) = postSolution
		SolutionGuid = {6D548AA2-DB73-4F39-9FCD-B6B85D0451AE}
	EndGlobalSection
EndGlobal
